
Microsoft Visual Studio Solution File, Format Version 12.00
# Visual Studio Version 17
VisualStudioVersion = 17.5.002.0
MinimumVisualStudioVersion = 10.0.40219.1
Project("{9A19103F-16F7-4668-BE54-9A1E7A4F7556}") = "GameInC#Terminal", "GameInC#Terminal.csproj", "{EF48F2D6-7FBD-4A79-B258-079BA4F161B7}"
EndProject
Global
	GlobalSection(SolutionConfigurationPlatforms) = preSolution
		Debug|Any CPU = Debug|Any CPU
		Release|Any CPU = Release|Any CPU
	EndGlobalSection
	GlobalSection(ProjectConfigurationPlatforms) = postSolution
		{EF48F2D6-7FBD-4A79-B258-079BA4F161B7}.Debug|Any CPU.ActiveCfg = Debug|Any CPU
		{EF48F2D6-7FBD-4A79-B258-079BA4F161B7}.Debug|Any CPU.Build.0 = Debug|Any CPU
		{EF48F2D6-7FBD-4A79-B258-079BA4F161B7}.Release|Any CPU.ActiveCfg = Release|Any CPU
		{EF48F2D6-7FBD-4A79-B258-079BA4F161B7}.Release|Any CPU.Build.0 = Release|Any CPU
	EndGlobalSection
	GlobalSection(SolutionProperties) = preSolution
		HideSolutionNode = FALSE
	EndGlobalSection
	GlobalSection(ExtensibilityGlobals) = postSolution
		SolutionGuid = {D204172C-C5B3-4DCF-B3BA-58354404A67C}
	EndGlobalSection
EndGlobal
